
Microsoft Visual Studio Solution File, Format Version 12.00
# Visual Studio 15
VisualStudioVersion = 15.0.26730.15
MinimumVisualStudioVersion = 10.0.40219.1
Project("{FAE04EC0-301F-11D3-BF4B-00C04F79EFBC}") = "gdax.framework", "src\gdax.framework.csproj", "{0C376C88-737A-4ACF-BA2F-4E85C6747528}"
EndProject
Global
	GlobalSection(SolutionConfigurationPlatforms) = preSolution
		Debug|Any CPU = Debug|Any CPU
		Release|Any CPU = Release|Any CPU
	EndGlobalSection
	GlobalSection(ProjectConfigurationPlatforms) = postSolution
		{0C376C88-737A-4ACF-BA2F-4E85C6747528}.Debug|Any CPU.ActiveCfg = Debug|Any CPU
		{0C376C88-737A-4ACF-BA2F-4E85C6747528}.Debug|Any CPU.Build.0 = Debug|Any CPU
		{0C376C88-737A-4ACF-BA2F-4E85C6747528}.Release|Any CPU.ActiveCfg = Release|Any CPU
		{0C376C88-737A-4ACF-BA2F-4E85C6747528}.Release|Any CPU.Build.0 = Release|Any CPU
	EndGlobalSection
	GlobalSection(SolutionProperties) = preSolution
		HideSolutionNode = FALSE
	EndGlobalSection
	GlobalSection(ExtensibilityGlobals) = postSolution
		SolutionGuid = {73C2F6BF-8CE2-4A6C-82F3-ADF9E87821CF}
	EndGlobalSection
EndGlobal
